
Microsoft Visual Studio Solution File, Format Version 12.00
# Visual Studio 14
VisualStudioVersion = 14.0.25420.1
MinimumVisualStudioVersion = 10.0.40219.1
Project("{FAE04EC0-301F-11D3-BF4B-00C04F79EFBC}") = "CommonUtils.EnvVariables", "Lib\CommonUtils.EnvVariables\CommonUtils.EnvVariables.csproj", "{684BC424-E89C-44D1-8194-7C9754957E28}"
EndProject
Project("{FAE04EC0-301F-11D3-BF4B-00C04F79EFBC}") = "CommonUtils.AppConfiguration", "Lib\CommonUtils.AppConfiguration\CommonUtils.AppConfiguration.csproj", "{C2178048-9A6D-445F-9F22-9FFD190127DE}"
EndProject
Project("{FAE04EC0-301F-11D3-BF4B-00C04F79EFBC}") = "EFDataModel", "Lib\EFDataModel\EFDataModel.csproj", "{C1F09CBB-C60E-48C8-8A8A-AD1235323F57}"
EndProject
Project("{FAE04EC0-301F-11D3-BF4B-00C04F79EFBC}") = "ViewModel", "Lib\ViewModel\ViewModel.csproj", "{4677BEAC-39CC-4376-94D6-4F1280B64EED}"
EndProject
Project("{FAE04EC0-301F-11D3-BF4B-00C04F79EFBC}") = "BusinessLayer", "Lib\BusinessLayer\BusinessLayer.csproj", "{D405B6FD-8A09-49FB-B4D7-1F11394B8623}"
EndProject
Project("{2150E333-8FDC-42A3-9474-1A3956D46DE8}") = "Lib", "Lib", "{DD04C4FF-7D44-4B03-A620-04C7FBAC82E6}"
EndProject
Project("{2150E333-8FDC-42A3-9474-1A3956D46DE8}") = "CommonUtils", "CommonUtils", "{4786607E-7BB7-4747-8BA5-8F9C032DE4D3}"
EndProject
Project("{FAE04EC0-301F-11D3-BF4B-00C04F79EFBC}") = "CommonUtils.Reflection", "Lib\CommonUtils.Reflection\CommonUtils.Reflection.csproj", "{A91FF807-0524-481B-888F-E323076C340E}"
EndProject
Project("{FAE04EC0-301F-11D3-BF4B-00C04F79EFBC}") = "CommonUtils.DataStructures", "Lib\CommonUtils.DataStructures\CommonUtils.DataStructures.csproj", "{868D6981-EA83-4CF7-A563-86F58C9A77FE}"
EndProject
Project("{FAE04EC0-301F-11D3-BF4B-00C04F79EFBC}") = "Logging", "Lib\Logging\Logging.csproj", "{8857177F-4D00-4C57-BD56-41B0AD1BE9AA}"
EndProject
Project("{FAE04EC0-301F-11D3-BF4B-00C04F79EFBC}") = "CommonUtils.Powershell", "Lib\CommonUtils.Powershell\CommonUtils.Powershell.csproj", "{C583A486-DA8C-49D4-A1EE-1353BA094315}"
EndProject
Project("{FAE04EC0-301F-11D3-BF4B-00C04F79EFBC}") = "CommonUtils.Email", "Lib\CommonUtils.Email\CommonUtils.Email.csproj", "{0842F8C5-99A5-4C13-A24C-F76D2113AF60}"
EndProject
Project("{FAE04EC0-301F-11D3-BF4B-00C04F79EFBC}") = "CommonUtils.Html", "Lib\CommonUtils.Html\CommonUtils.Html.csproj", "{E7177421-A202-41B9-BE3A-941FF0157135}"
EndProject
Project("{FAE04EC0-301F-11D3-BF4B-00C04F79EFBC}") = "CommonUtils.Json", "Lib\CommonUtils.Json\CommonUtils.Json.csproj", "{E6B3C393-1823-487B-B2F5-EEE5BC7D0528}"
EndProject
Project("{FAE04EC0-301F-11D3-BF4B-00C04F79EFBC}") = "CommonUtils.XML", "Lib\CommonUtils.XML\CommonUtils.XML.csproj", "{E0842350-45BE-4F5B-9D66-ACFE52D5F852}"
EndProject
Project("{FAE04EC0-301F-11D3-BF4B-00C04F79EFBC}") = "CommonUtils.PerformanceCounters", "Lib\CommonUtils.PerformanceCounters\CommonUtils.PerformanceCounters.csproj", "{6D10991C-7870-4482-9F03-E09F95DAFDA8}"
EndProject
Project("{FAE04EC0-301F-11D3-BF4B-00C04F79EFBC}") = "ApiLib", "Lib\ApiLib\ApiLib.csproj", "{9FC2FC92-F678-4325-9DA4-49BF6C0772B5}"
EndProject
Project("{FAE04EC0-301F-11D3-BF4B-00C04F79EFBC}") = "CommonUtils.IISAdmin", "Lib\CommonUtils.IISAdmin\CommonUtils.IISAdmin.csproj", "{B1C90DEE-9E55-447A-9767-F46DB219D3E5}"
EndProject
Project("{2150E333-8FDC-42A3-9474-1A3956D46DE8}") = "Powershell", "Powershell", "{ACA26252-DD04-479E-BB12-7EAE27FA1AE1}"
EndProject
Project("{FAE04EC0-301F-11D3-BF4B-00C04F79EFBC}") = "DevOps", "Powershell\DevOps.csproj", "{A11AFC63-201B-4C3D-9727-29150111C39B}"
EndProject
Project("{6141683F-8A12-4E36-9623-2EB02B2C2303}") = "DevOps_PowershellModule", "Installer\DevOps_PowershellModule\DevOps_PowershellModule.isproj", "{8A61C9DC-6F51-44E9-B10C-0C828F693FB0}"
EndProject
Global
	GlobalSection(SolutionConfigurationPlatforms) = preSolution
		CD_ROM|Any CPU = CD_ROM|Any CPU
		Debug|Any CPU = Debug|Any CPU
		DVD-5|Any CPU = DVD-5|Any CPU
		Release|Any CPU = Release|Any CPU
		SignalCi|Any CPU = SignalCi|Any CPU
		SingleImage|Any CPU = SingleImage|Any CPU
	EndGlobalSection
	GlobalSection(ProjectConfigurationPlatforms) = postSolution
		{684BC424-E89C-44D1-8194-7C9754957E28}.CD_ROM|Any CPU.ActiveCfg = Release|Any CPU
		{684BC424-E89C-44D1-8194-7C9754957E28}.CD_ROM|Any CPU.Build.0 = Release|Any CPU
		{684BC424-E89C-44D1-8194-7C9754957E28}.Debug|Any CPU.ActiveCfg = Debug|Any CPU
		{684BC424-E89C-44D1-8194-7C9754957E28}.Debug|Any CPU.Build.0 = Debug|Any CPU
		{684BC424-E89C-44D1-8194-7C9754957E28}.DVD-5|Any CPU.ActiveCfg = Debug|Any CPU
		{684BC424-E89C-44D1-8194-7C9754957E28}.DVD-5|Any CPU.Build.0 = Debug|Any CPU
		{684BC424-E89C-44D1-8194-7C9754957E28}.Release|Any CPU.ActiveCfg = Release|Any CPU
		{684BC424-E89C-44D1-8194-7C9754957E28}.Release|Any CPU.Build.0 = Release|Any CPU
		{684BC424-E89C-44D1-8194-7C9754957E28}.SignalCi|Any CPU.ActiveCfg = Release|Any CPU
		{684BC424-E89C-44D1-8194-7C9754957E28}.SignalCi|Any CPU.Build.0 = Release|Any CPU
		{684BC424-E89C-44D1-8194-7C9754957E28}.SingleImage|Any CPU.ActiveCfg = Release|Any CPU
		{684BC424-E89C-44D1-8194-7C9754957E28}.SingleImage|Any CPU.Build.0 = Release|Any CPU
		{C2178048-9A6D-445F-9F22-9FFD190127DE}.CD_ROM|Any CPU.ActiveCfg = SignalCi|Any CPU
		{C2178048-9A6D-445F-9F22-9FFD190127DE}.CD_ROM|Any CPU.Build.0 = SignalCi|Any CPU
		{C2178048-9A6D-445F-9F22-9FFD190127DE}.Debug|Any CPU.ActiveCfg = Debug|Any CPU
		{C2178048-9A6D-445F-9F22-9FFD190127DE}.Debug|Any CPU.Build.0 = Debug|Any CPU
		{C2178048-9A6D-445F-9F22-9FFD190127DE}.DVD-5|Any CPU.ActiveCfg = Debug|Any CPU
		{C2178048-9A6D-445F-9F22-9FFD190127DE}.DVD-5|Any CPU.Build.0 = Debug|Any CPU
		{C2178048-9A6D-445F-9F22-9FFD190127DE}.Release|Any CPU.ActiveCfg = Release|Any CPU
		{C2178048-9A6D-445F-9F22-9FFD190127DE}.Release|Any CPU.Build.0 = Release|Any CPU
		{C2178048-9A6D-445F-9F22-9FFD190127DE}.SignalCi|Any CPU.ActiveCfg = SignalCi|Any CPU
		{C2178048-9A6D-445F-9F22-9FFD190127DE}.SignalCi|Any CPU.Build.0 = SignalCi|Any CPU
		{C2178048-9A6D-445F-9F22-9FFD190127DE}.SingleImage|Any CPU.ActiveCfg = SignalCi|Any CPU
		{C2178048-9A6D-445F-9F22-9FFD190127DE}.SingleImage|Any CPU.Build.0 = SignalCi|Any CPU
		{C1F09CBB-C60E-48C8-8A8A-AD1235323F57}.CD_ROM|Any CPU.ActiveCfg = Release|Any CPU
		{C1F09CBB-C60E-48C8-8A8A-AD1235323F57}.CD_ROM|Any CPU.Build.0 = Release|Any CPU
		{C1F09CBB-C60E-48C8-8A8A-AD1235323F57}.Debug|Any CPU.ActiveCfg = Debug|Any CPU
		{C1F09CBB-C60E-48C8-8A8A-AD1235323F57}.Debug|Any CPU.Build.0 = Debug|Any CPU
		{C1F09CBB-C60E-48C8-8A8A-AD1235323F57}.DVD-5|Any CPU.ActiveCfg = Debug|Any CPU
		{C1F09CBB-C60E-48C8-8A8A-AD1235323F57}.DVD-5|Any CPU.Build.0 = Debug|Any CPU
		{C1F09CBB-C60E-48C8-8A8A-AD1235323F57}.Release|Any CPU.ActiveCfg = Release|Any CPU
		{C1F09CBB-C60E-48C8-8A8A-AD1235323F57}.Release|Any CPU.Build.0 = Release|Any CPU
		{C1F09CBB-C60E-48C8-8A8A-AD1235323F57}.SignalCi|Any CPU.ActiveCfg = Release|Any CPU
		{C1F09CBB-C60E-48C8-8A8A-AD1235323F57}.SignalCi|Any CPU.Build.0 = Release|Any CPU
		{C1F09CBB-C60E-48C8-8A8A-AD1235323F57}.SingleImage|Any CPU.ActiveCfg = Release|Any CPU
		{C1F09CBB-C60E-48C8-8A8A-AD1235323F57}.SingleImage|Any CPU.Build.0 = Release|Any CPU
		{4677BEAC-39CC-4376-94D6-4F1280B64EED}.CD_ROM|Any CPU.ActiveCfg = Release|Any CPU
		{4677BEAC-39CC-4376-94D6-4F1280B64EED}.CD_ROM|Any CPU.Build.0 = Release|Any CPU
		{4677BEAC-39CC-4376-94D6-4F1280B64EED}.Debug|Any CPU.ActiveCfg = Debug|Any CPU
		{4677BEAC-39CC-4376-94D6-4F1280B64EED}.Debug|Any CPU.Build.0 = Debug|Any CPU
		{4677BEAC-39CC-4376-94D6-4F1280B64EED}.DVD-5|Any CPU.ActiveCfg = Debug|Any CPU
		{4677BEAC-39CC-4376-94D6-4F1280B64EED}.DVD-5|Any CPU.Build.0 = Debug|Any CPU
		{4677BEAC-39CC-4376-94D6-4F1280B64EED}.Release|Any CPU.ActiveCfg = Release|Any CPU
		{4677BEAC-39CC-4376-94D6-4F1280B64EED}.Release|Any CPU.Build.0 = Release|Any CPU
		{4677BEAC-39CC-4376-94D6-4F1280B64EED}.SignalCi|Any CPU.ActiveCfg = Release|Any CPU
		{4677BEAC-39CC-4376-94D6-4F1280B64EED}.SignalCi|Any CPU.Build.0 = Release|Any CPU
		{4677BEAC-39CC-4376-94D6-4F1280B64EED}.SingleImage|Any CPU.ActiveCfg = Release|Any CPU
		{4677BEAC-39CC-4376-94D6-4F1280B64EED}.SingleImage|Any CPU.Build.0 = Release|Any CPU
		{D405B6FD-8A09-49FB-B4D7-1F11394B8623}.CD_ROM|Any CPU.ActiveCfg = Release|Any CPU
		{D405B6FD-8A09-49FB-B4D7-1F11394B8623}.CD_ROM|Any CPU.Build.0 = Release|Any CPU
		{D405B6FD-8A09-49FB-B4D7-1F11394B8623}.Debug|Any CPU.ActiveCfg = Debug|Any CPU
		{D405B6FD-8A09-49FB-B4D7-1F11394B8623}.Debug|Any CPU.Build.0 = Debug|Any CPU
		{D405B6FD-8A09-49FB-B4D7-1F11394B8623}.DVD-5|Any CPU.ActiveCfg = Debug|Any CPU
		{D405B6FD-8A09-49FB-B4D7-1F11394B8623}.DVD-5|Any CPU.Build.0 = Debug|Any CPU
		{D405B6FD-8A09-49FB-B4D7-1F11394B8623}.Release|Any CPU.ActiveCfg = Release|Any CPU
		{D405B6FD-8A09-49FB-B4D7-1F11394B8623}.Release|Any CPU.Build.0 = Release|Any CPU
		{D405B6FD-8A09-49FB-B4D7-1F11394B8623}.SignalCi|Any CPU.ActiveCfg = Release|Any CPU
		{D405B6FD-8A09-49FB-B4D7-1F11394B8623}.SignalCi|Any CPU.Build.0 = Release|Any CPU
		{D405B6FD-8A09-49FB-B4D7-1F11394B8623}.SingleImage|Any CPU.ActiveCfg = Release|Any CPU
		{D405B6FD-8A09-49FB-B4D7-1F11394B8623}.SingleImage|Any CPU.Build.0 = Release|Any CPU
		{A91FF807-0524-481B-888F-E323076C340E}.CD_ROM|Any CPU.ActiveCfg = SignalCi|Any CPU
		{A91FF807-0524-481B-888F-E323076C340E}.CD_ROM|Any CPU.Build.0 = SignalCi|Any CPU
		{A91FF807-0524-481B-888F-E323076C340E}.Debug|Any CPU.ActiveCfg = Debug|Any CPU
		{A91FF807-0524-481B-888F-E323076C340E}.Debug|Any CPU.Build.0 = Debug|Any CPU
		{A91FF807-0524-481B-888F-E323076C340E}.DVD-5|Any CPU.ActiveCfg = Debug|Any CPU
		{A91FF807-0524-481B-888F-E323076C340E}.DVD-5|Any CPU.Build.0 = Debug|Any CPU
		{A91FF807-0524-481B-888F-E323076C340E}.Release|Any CPU.ActiveCfg = Release|Any CPU
		{A91FF807-0524-481B-888F-E323076C340E}.Release|Any CPU.Build.0 = Release|Any CPU
		{A91FF807-0524-481B-888F-E323076C340E}.SignalCi|Any CPU.ActiveCfg = SignalCi|Any CPU
		{A91FF807-0524-481B-888F-E323076C340E}.SignalCi|Any CPU.Build.0 = SignalCi|Any CPU
		{A91FF807-0524-481B-888F-E323076C340E}.SingleImage|Any CPU.ActiveCfg = SignalCi|Any CPU
		{A91FF807-0524-481B-888F-E323076C340E}.SingleImage|Any CPU.Build.0 = SignalCi|Any CPU
		{868D6981-EA83-4CF7-A563-86F58C9A77FE}.CD_ROM|Any CPU.ActiveCfg = SignalCi|Any CPU
		{868D6981-EA83-4CF7-A563-86F58C9A77FE}.CD_ROM|Any CPU.Build.0 = SignalCi|Any CPU
		{868D6981-EA83-4CF7-A563-86F58C9A77FE}.Debug|Any CPU.ActiveCfg = Debug|Any CPU
		{868D6981-EA83-4CF7-A563-86F58C9A77FE}.Debug|Any CPU.Build.0 = Debug|Any CPU
		{868D6981-EA83-4CF7-A563-86F58C9A77FE}.DVD-5|Any CPU.ActiveCfg = Debug|Any CPU
		{868D6981-EA83-4CF7-A563-86F58C9A77FE}.DVD-5|Any CPU.Build.0 = Debug|Any CPU
		{868D6981-EA83-4CF7-A563-86F58C9A77FE}.Release|Any CPU.ActiveCfg = Release|Any CPU
		{868D6981-EA83-4CF7-A563-86F58C9A77FE}.Release|Any CPU.Build.0 = Release|Any CPU
		{868D6981-EA83-4CF7-A563-86F58C9A77FE}.SignalCi|Any CPU.ActiveCfg = SignalCi|Any CPU
		{868D6981-EA83-4CF7-A563-86F58C9A77FE}.SignalCi|Any CPU.Build.0 = SignalCi|Any CPU
		{868D6981-EA83-4CF7-A563-86F58C9A77FE}.SingleImage|Any CPU.ActiveCfg = SignalCi|Any CPU
		{868D6981-EA83-4CF7-A563-86F58C9A77FE}.SingleImage|Any CPU.Build.0 = SignalCi|Any CPU
		{8857177F-4D00-4C57-BD56-41B0AD1BE9AA}.CD_ROM|Any CPU.ActiveCfg = SignalCi|Any CPU
		{8857177F-4D00-4C57-BD56-41B0AD1BE9AA}.CD_ROM|Any CPU.Build.0 = SignalCi|Any CPU
		{8857177F-4D00-4C57-BD56-41B0AD1BE9AA}.Debug|Any CPU.ActiveCfg = Debug|Any CPU
		{8857177F-4D00-4C57-BD56-41B0AD1BE9AA}.Debug|Any CPU.Build.0 = Debug|Any CPU
		{8857177F-4D00-4C57-BD56-41B0AD1BE9AA}.DVD-5|Any CPU.ActiveCfg = Debug|Any CPU
		{8857177F-4D00-4C57-BD56-41B0AD1BE9AA}.DVD-5|Any CPU.Build.0 = Debug|Any CPU
		{8857177F-4D00-4C57-BD56-41B0AD1BE9AA}.Release|Any CPU.ActiveCfg = Release|Any CPU
		{8857177F-4D00-4C57-BD56-41B0AD1BE9AA}.Release|Any CPU.Build.0 = Release|Any CPU
		{8857177F-4D00-4C57-BD56-41B0AD1BE9AA}.SignalCi|Any CPU.ActiveCfg = SignalCi|Any CPU
		{8857177F-4D00-4C57-BD56-41B0AD1BE9AA}.SignalCi|Any CPU.Build.0 = SignalCi|Any CPU
		{8857177F-4D00-4C57-BD56-41B0AD1BE9AA}.SingleImage|Any CPU.ActiveCfg = SignalCi|Any CPU
		{8857177F-4D00-4C57-BD56-41B0AD1BE9AA}.SingleImage|Any CPU.Build.0 = SignalCi|Any CPU
		{C583A486-DA8C-49D4-A1EE-1353BA094315}.CD_ROM|Any CPU.ActiveCfg = Release|Any CPU
		{C583A486-DA8C-49D4-A1EE-1353BA094315}.CD_ROM|Any CPU.Build.0 = Release|Any CPU
		{C583A486-DA8C-49D4-A1EE-1353BA094315}.Debug|Any CPU.ActiveCfg = Debug|Any CPU
		{C583A486-DA8C-49D4-A1EE-1353BA094315}.Debug|Any CPU.Build.0 = Debug|Any CPU
		{C583A486-DA8C-49D4-A1EE-1353BA094315}.DVD-5|Any CPU.ActiveCfg = Debug|Any CPU
		{C583A486-DA8C-49D4-A1EE-1353BA094315}.DVD-5|Any CPU.Build.0 = Debug|Any CPU
		{C583A486-DA8C-49D4-A1EE-1353BA094315}.Release|Any CPU.ActiveCfg = Release|Any CPU
		{C583A486-DA8C-49D4-A1EE-1353BA094315}.Release|Any CPU.Build.0 = Release|Any CPU
		{C583A486-DA8C-49D4-A1EE-1353BA094315}.SignalCi|Any CPU.ActiveCfg = Release|Any CPU
		{C583A486-DA8C-49D4-A1EE-1353BA094315}.SignalCi|Any CPU.Build.0 = Release|Any CPU
		{C583A486-DA8C-49D4-A1EE-1353BA094315}.SingleImage|Any CPU.ActiveCfg = Release|Any CPU
		{C583A486-DA8C-49D4-A1EE-1353BA094315}.SingleImage|Any CPU.Build.0 = Release|Any CPU
		{0842F8C5-99A5-4C13-A24C-F76D2113AF60}.CD_ROM|Any CPU.ActiveCfg = SignalCi|Any CPU
		{0842F8C5-99A5-4C13-A24C-F76D2113AF60}.CD_ROM|Any CPU.Build.0 = SignalCi|Any CPU
		{0842F8C5-99A5-4C13-A24C-F76D2113AF60}.Debug|Any CPU.ActiveCfg = Debug|Any CPU
		{0842F8C5-99A5-4C13-A24C-F76D2113AF60}.Debug|Any CPU.Build.0 = Debug|Any CPU
		{0842F8C5-99A5-4C13-A24C-F76D2113AF60}.DVD-5|Any CPU.ActiveCfg = Debug|Any CPU
		{0842F8C5-99A5-4C13-A24C-F76D2113AF60}.DVD-5|Any CPU.Build.0 = Debug|Any CPU
		{0842F8C5-99A5-4C13-A24C-F76D2113AF60}.Release|Any CPU.ActiveCfg = Release|Any CPU
		{0842F8C5-99A5-4C13-A24C-F76D2113AF60}.Release|Any CPU.Build.0 = Release|Any CPU
		{0842F8C5-99A5-4C13-A24C-F76D2113AF60}.SignalCi|Any CPU.ActiveCfg = SignalCi|Any CPU
		{0842F8C5-99A5-4C13-A24C-F76D2113AF60}.SignalCi|Any CPU.Build.0 = SignalCi|Any CPU
		{0842F8C5-99A5-4C13-A24C-F76D2113AF60}.SingleImage|Any CPU.ActiveCfg = SignalCi|Any CPU
		{0842F8C5-99A5-4C13-A24C-F76D2113AF60}.SingleImage|Any CPU.Build.0 = SignalCi|Any CPU
		{E7177421-A202-41B9-BE3A-941FF0157135}.CD_ROM|Any CPU.ActiveCfg = SignalCi|Any CPU
		{E7177421-A202-41B9-BE3A-941FF0157135}.CD_ROM|Any CPU.Build.0 = SignalCi|Any CPU
		{E7177421-A202-41B9-BE3A-941FF0157135}.Debug|Any CPU.ActiveCfg = Debug|Any CPU
		{E7177421-A202-41B9-BE3A-941FF0157135}.Debug|Any CPU.Build.0 = Debug|Any CPU
		{E7177421-A202-41B9-BE3A-941FF0157135}.DVD-5|Any CPU.ActiveCfg = Debug|Any CPU
		{E7177421-A202-41B9-BE3A-941FF0157135}.DVD-5|Any CPU.Build.0 = Debug|Any CPU
		{E7177421-A202-41B9-BE3A-941FF0157135}.Release|Any CPU.ActiveCfg = Release|Any CPU
		{E7177421-A202-41B9-BE3A-941FF0157135}.Release|Any CPU.Build.0 = Release|Any CPU
		{E7177421-A202-41B9-BE3A-941FF0157135}.SignalCi|Any CPU.ActiveCfg = SignalCi|Any CPU
		{E7177421-A202-41B9-BE3A-941FF0157135}.SignalCi|Any CPU.Build.0 = SignalCi|Any CPU
		{E7177421-A202-41B9-BE3A-941FF0157135}.SingleImage|Any CPU.ActiveCfg = SignalCi|Any CPU
		{E7177421-A202-41B9-BE3A-941FF0157135}.SingleImage|Any CPU.Build.0 = SignalCi|Any CPU
		{E6B3C393-1823-487B-B2F5-EEE5BC7D0528}.CD_ROM|Any CPU.ActiveCfg = SignalCi|Any CPU
		{E6B3C393-1823-487B-B2F5-EEE5BC7D0528}.CD_ROM|Any CPU.Build.0 = SignalCi|Any CPU
		{E6B3C393-1823-487B-B2F5-EEE5BC7D0528}.Debug|Any CPU.ActiveCfg = Debug|Any CPU
		{E6B3C393-1823-487B-B2F5-EEE5BC7D0528}.Debug|Any CPU.Build.0 = Debug|Any CPU
		{E6B3C393-1823-487B-B2F5-EEE5BC7D0528}.DVD-5|Any CPU.ActiveCfg = Debug|Any CPU
		{E6B3C393-1823-487B-B2F5-EEE5BC7D0528}.DVD-5|Any CPU.Build.0 = Debug|Any CPU
		{E6B3C393-1823-487B-B2F5-EEE5BC7D0528}.Release|Any CPU.ActiveCfg = Release|Any CPU
		{E6B3C393-1823-487B-B2F5-EEE5BC7D0528}.Release|Any CPU.Build.0 = Release|Any CPU
		{E6B3C393-1823-487B-B2F5-EEE5BC7D0528}.SignalCi|Any CPU.ActiveCfg = SignalCi|Any CPU
		{E6B3C393-1823-487B-B2F5-EEE5BC7D0528}.SignalCi|Any CPU.Build.0 = SignalCi|Any CPU
		{E6B3C393-1823-487B-B2F5-EEE5BC7D0528}.SingleImage|Any CPU.ActiveCfg = SignalCi|Any CPU
		{E6B3C393-1823-487B-B2F5-EEE5BC7D0528}.SingleImage|Any CPU.Build.0 = SignalCi|Any CPU
		{E0842350-45BE-4F5B-9D66-ACFE52D5F852}.CD_ROM|Any CPU.ActiveCfg = SignalCi|Any CPU
		{E0842350-45BE-4F5B-9D66-ACFE52D5F852}.CD_ROM|Any CPU.Build.0 = SignalCi|Any CPU
		{E0842350-45BE-4F5B-9D66-ACFE52D5F852}.Debug|Any CPU.ActiveCfg = Debug|Any CPU
		{E0842350-45BE-4F5B-9D66-ACFE52D5F852}.Debug|Any CPU.Build.0 = Debug|Any CPU
		{E0842350-45BE-4F5B-9D66-ACFE52D5F852}.DVD-5|Any CPU.ActiveCfg = Debug|Any CPU
		{E0842350-45BE-4F5B-9D66-ACFE52D5F852}.DVD-5|Any CPU.Build.0 = Debug|Any CPU
		{E0842350-45BE-4F5B-9D66-ACFE52D5F852}.Release|Any CPU.ActiveCfg = Release|Any CPU
		{E0842350-45BE-4F5B-9D66-ACFE52D5F852}.Release|Any CPU.Build.0 = Release|Any CPU
		{E0842350-45BE-4F5B-9D66-ACFE52D5F852}.SignalCi|Any CPU.ActiveCfg = SignalCi|Any CPU
		{E0842350-45BE-4F5B-9D66-ACFE52D5F852}.SignalCi|Any CPU.Build.0 = SignalCi|Any CPU
		{E0842350-45BE-4F5B-9D66-ACFE52D5F852}.SingleImage|Any CPU.ActiveCfg = SignalCi|Any CPU
		{E0842350-45BE-4F5B-9D66-ACFE52D5F852}.SingleImage|Any CPU.Build.0 = SignalCi|Any CPU
		{6D10991C-7870-4482-9F03-E09F95DAFDA8}.CD_ROM|Any CPU.ActiveCfg = Release|Any CPU
		{6D10991C-7870-4482-9F03-E09F95DAFDA8}.CD_ROM|Any CPU.Build.0 = Release|Any CPU
		{6D10991C-7870-4482-9F03-E09F95DAFDA8}.Debug|Any CPU.ActiveCfg = Debug|Any CPU
		{6D10991C-7870-4482-9F03-E09F95DAFDA8}.Debug|Any CPU.Build.0 = Debug|Any CPU
		{6D10991C-7870-4482-9F03-E09F95DAFDA8}.DVD-5|Any CPU.ActiveCfg = Debug|Any CPU
		{6D10991C-7870-4482-9F03-E09F95DAFDA8}.DVD-5|Any CPU.Build.0 = Debug|Any CPU
		{6D10991C-7870-4482-9F03-E09F95DAFDA8}.Release|Any CPU.ActiveCfg = Release|Any CPU
		{6D10991C-7870-4482-9F03-E09F95DAFDA8}.Release|Any CPU.Build.0 = Release|Any CPU
		{6D10991C-7870-4482-9F03-E09F95DAFDA8}.SignalCi|Any CPU.ActiveCfg = Release|Any CPU
		{6D10991C-7870-4482-9F03-E09F95DAFDA8}.SignalCi|Any CPU.Build.0 = Release|Any CPU
		{6D10991C-7870-4482-9F03-E09F95DAFDA8}.SingleImage|Any CPU.ActiveCfg = Release|Any CPU
		{6D10991C-7870-4482-9F03-E09F95DAFDA8}.SingleImage|Any CPU.Build.0 = Release|Any CPU
		{9FC2FC92-F678-4325-9DA4-49BF6C0772B5}.CD_ROM|Any CPU.ActiveCfg = Release|Any CPU
		{9FC2FC92-F678-4325-9DA4-49BF6C0772B5}.CD_ROM|Any CPU.Build.0 = Release|Any CPU
		{9FC2FC92-F678-4325-9DA4-49BF6C0772B5}.Debug|Any CPU.ActiveCfg = Debug|Any CPU
		{9FC2FC92-F678-4325-9DA4-49BF6C0772B5}.Debug|Any CPU.Build.0 = Debug|Any CPU
		{9FC2FC92-F678-4325-9DA4-49BF6C0772B5}.DVD-5|Any CPU.ActiveCfg = Debug|Any CPU
		{9FC2FC92-F678-4325-9DA4-49BF6C0772B5}.DVD-5|Any CPU.Build.0 = Debug|Any CPU
		{9FC2FC92-F678-4325-9DA4-49BF6C0772B5}.Release|Any CPU.ActiveCfg = Release|Any CPU
		{9FC2FC92-F678-4325-9DA4-49BF6C0772B5}.Release|Any CPU.Build.0 = Release|Any CPU
		{9FC2FC92-F678-4325-9DA4-49BF6C0772B5}.SignalCi|Any CPU.ActiveCfg = Release|Any CPU
		{9FC2FC92-F678-4325-9DA4-49BF6C0772B5}.SignalCi|Any CPU.Build.0 = Release|Any CPU
		{9FC2FC92-F678-4325-9DA4-49BF6C0772B5}.SingleImage|Any CPU.ActiveCfg = Release|Any CPU
		{9FC2FC92-F678-4325-9DA4-49BF6C0772B5}.SingleImage|Any CPU.Build.0 = Release|Any CPU
		{B1C90DEE-9E55-447A-9767-F46DB219D3E5}.CD_ROM|Any CPU.ActiveCfg = Release|Any CPU
		{B1C90DEE-9E55-447A-9767-F46DB219D3E5}.CD_ROM|Any CPU.Build.0 = Release|Any CPU
		{B1C90DEE-9E55-447A-9767-F46DB219D3E5}.Debug|Any CPU.ActiveCfg = Debug|Any CPU
		{B1C90DEE-9E55-447A-9767-F46DB219D3E5}.Debug|Any CPU.Build.0 = Debug|Any CPU
		{B1C90DEE-9E55-447A-9767-F46DB219D3E5}.DVD-5|Any CPU.ActiveCfg = Debug|Any CPU
		{B1C90DEE-9E55-447A-9767-F46DB219D3E5}.DVD-5|Any CPU.Build.0 = Debug|Any CPU
		{B1C90DEE-9E55-447A-9767-F46DB219D3E5}.Release|Any CPU.ActiveCfg = Release|Any CPU
		{B1C90DEE-9E55-447A-9767-F46DB219D3E5}.Release|Any CPU.Build.0 = Release|Any CPU
		{B1C90DEE-9E55-447A-9767-F46DB219D3E5}.SignalCi|Any CPU.ActiveCfg = Release|Any CPU
		{B1C90DEE-9E55-447A-9767-F46DB219D3E5}.SignalCi|Any CPU.Build.0 = Release|Any CPU
		{B1C90DEE-9E55-447A-9767-F46DB219D3E5}.SingleImage|Any CPU.ActiveCfg = Release|Any CPU
		{B1C90DEE-9E55-447A-9767-F46DB219D3E5}.SingleImage|Any CPU.Build.0 = Release|Any CPU
		{A11AFC63-201B-4C3D-9727-29150111C39B}.CD_ROM|Any CPU.ActiveCfg = Release|Any CPU
		{A11AFC63-201B-4C3D-9727-29150111C39B}.CD_ROM|Any CPU.Build.0 = Release|Any CPU
		{A11AFC63-201B-4C3D-9727-29150111C39B}.Debug|Any CPU.ActiveCfg = Debug|Any CPU
		{A11AFC63-201B-4C3D-9727-29150111C39B}.Debug|Any CPU.Build.0 = Debug|Any CPU
		{A11AFC63-201B-4C3D-9727-29150111C39B}.DVD-5|Any CPU.ActiveCfg = Debug|Any CPU
		{A11AFC63-201B-4C3D-9727-29150111C39B}.DVD-5|Any CPU.Build.0 = Debug|Any CPU
		{A11AFC63-201B-4C3D-9727-29150111C39B}.Release|Any CPU.ActiveCfg = Release|Any CPU
		{A11AFC63-201B-4C3D-9727-29150111C39B}.Release|Any CPU.Build.0 = Release|Any CPU
		{A11AFC63-201B-4C3D-9727-29150111C39B}.SignalCi|Any CPU.ActiveCfg = Release|Any CPU
		{A11AFC63-201B-4C3D-9727-29150111C39B}.SignalCi|Any CPU.Build.0 = Release|Any CPU
		{A11AFC63-201B-4C3D-9727-29150111C39B}.SingleImage|Any CPU.ActiveCfg = Release|Any CPU
		{A11AFC63-201B-4C3D-9727-29150111C39B}.SingleImage|Any CPU.Build.0 = Release|Any CPU
		{8A61C9DC-6F51-44E9-B10C-0C828F693FB0}.CD_ROM|Any CPU.ActiveCfg = CD_ROM
		{8A61C9DC-6F51-44E9-B10C-0C828F693FB0}.CD_ROM|Any CPU.Build.0 = CD_ROM
		{8A61C9DC-6F51-44E9-B10C-0C828F693FB0}.Debug|Any CPU.ActiveCfg = DVD-5
		{8A61C9DC-6F51-44E9-B10C-0C828F693FB0}.Debug|Any CPU.Build.0 = DVD-5
		{8A61C9DC-6F51-44E9-B10C-0C828F693FB0}.DVD-5|Any CPU.ActiveCfg = DVD-5
		{8A61C9DC-6F51-44E9-B10C-0C828F693FB0}.DVD-5|Any CPU.Build.0 = DVD-5
		{8A61C9DC-6F51-44E9-B10C-0C828F693FB0}.Release|Any CPU.ActiveCfg = SingleImage
		{8A61C9DC-6F51-44E9-B10C-0C828F693FB0}.Release|Any CPU.Build.0 = SingleImage
		{8A61C9DC-6F51-44E9-B10C-0C828F693FB0}.SignalCi|Any CPU.ActiveCfg = SingleImage
		{8A61C9DC-6F51-44E9-B10C-0C828F693FB0}.SignalCi|Any CPU.Build.0 = SingleImage
		{8A61C9DC-6F51-44E9-B10C-0C828F693FB0}.SingleImage|Any CPU.ActiveCfg = SingleImage
		{8A61C9DC-6F51-44E9-B10C-0C828F693FB0}.SingleImage|Any CPU.Build.0 = SingleImage
	EndGlobalSection
	GlobalSection(SolutionProperties) = preSolution
		HideSolutionNode = FALSE
	EndGlobalSection
	GlobalSection(NestedProjects) = preSolution
		{684BC424-E89C-44D1-8194-7C9754957E28} = {4786607E-7BB7-4747-8BA5-8F9C032DE4D3}
		{C2178048-9A6D-445F-9F22-9FFD190127DE} = {4786607E-7BB7-4747-8BA5-8F9C032DE4D3}
		{C1F09CBB-C60E-48C8-8A8A-AD1235323F57} = {DD04C4FF-7D44-4B03-A620-04C7FBAC82E6}
		{4677BEAC-39CC-4376-94D6-4F1280B64EED} = {DD04C4FF-7D44-4B03-A620-04C7FBAC82E6}
		{D405B6FD-8A09-49FB-B4D7-1F11394B8623} = {DD04C4FF-7D44-4B03-A620-04C7FBAC82E6}
		{A91FF807-0524-481B-888F-E323076C340E} = {4786607E-7BB7-4747-8BA5-8F9C032DE4D3}
		{868D6981-EA83-4CF7-A563-86F58C9A77FE} = {4786607E-7BB7-4747-8BA5-8F9C032DE4D3}
		{8857177F-4D00-4C57-BD56-41B0AD1BE9AA} = {DD04C4FF-7D44-4B03-A620-04C7FBAC82E6}
		{C583A486-DA8C-49D4-A1EE-1353BA094315} = {4786607E-7BB7-4747-8BA5-8F9C032DE4D3}
		{0842F8C5-99A5-4C13-A24C-F76D2113AF60} = {4786607E-7BB7-4747-8BA5-8F9C032DE4D3}
		{E7177421-A202-41B9-BE3A-941FF0157135} = {4786607E-7BB7-4747-8BA5-8F9C032DE4D3}
		{E6B3C393-1823-487B-B2F5-EEE5BC7D0528} = {4786607E-7BB7-4747-8BA5-8F9C032DE4D3}
		{E0842350-45BE-4F5B-9D66-ACFE52D5F852} = {4786607E-7BB7-4747-8BA5-8F9C032DE4D3}
		{6D10991C-7870-4482-9F03-E09F95DAFDA8} = {4786607E-7BB7-4747-8BA5-8F9C032DE4D3}
		{9FC2FC92-F678-4325-9DA4-49BF6C0772B5} = {DD04C4FF-7D44-4B03-A620-04C7FBAC82E6}
		{B1C90DEE-9E55-447A-9767-F46DB219D3E5} = {4786607E-7BB7-4747-8BA5-8F9C032DE4D3}
		{A11AFC63-201B-4C3D-9727-29150111C39B} = {ACA26252-DD04-479E-BB12-7EAE27FA1AE1}
		{8A61C9DC-6F51-44E9-B10C-0C828F693FB0} = {ACA26252-DD04-479E-BB12-7EAE27FA1AE1}
	EndGlobalSection
EndGlobal
