
Microsoft Visual Studio Solution File, Format Version 12.00
# Visual Studio 14
VisualStudioVersion = 14.0.25420.1
MinimumVisualStudioVersion = 10.0.40219.1
Project("{FAE04EC0-301F-11D3-BF4B-00C04F79EFBC}") = "ManageConfigVariables", "Apps\ManageEnvironmentVariables\ManageConfigVariables.csproj", "{57141103-E8BF-45E6-B704-A67E417BD0BC}"
EndProject
Project("{FAE04EC0-301F-11D3-BF4B-00C04F79EFBC}") = "CommonUtils.EnvVariables", "Lib\CommonUtils.EnvVariables\CommonUtils.EnvVariables.csproj", "{684BC424-E89C-44D1-8194-7C9754957E28}"
EndProject
Project("{FAE04EC0-301F-11D3-BF4B-00C04F79EFBC}") = "CommonUtils.AppConfiguration", "Lib\CommonUtils.AppConfiguration\CommonUtils.AppConfiguration.csproj", "{C2178048-9A6D-445F-9F22-9FFD190127DE}"
EndProject
Project("{FAE04EC0-301F-11D3-BF4B-00C04F79EFBC}") = "EFDataModel", "Lib\EFDataModel\EFDataModel.csproj", "{C1F09CBB-C60E-48C8-8A8A-AD1235323F57}"
EndProject
Project("{FAE04EC0-301F-11D3-BF4B-00C04F79EFBC}") = "ViewModel", "Lib\ViewModel\ViewModel.csproj", "{4677BEAC-39CC-4376-94D6-4F1280B64EED}"
EndProject
Project("{FAE04EC0-301F-11D3-BF4B-00C04F79EFBC}") = "CommonUtils.Build", "Lib\CommonUtils.Build\CommonUtils.Build.csproj", "{81E26A50-ED0F-4FA6-B9D5-8E838E8FE22D}"
EndProject
Project("{FAE04EC0-301F-11D3-BF4B-00C04F79EFBC}") = "BusinessLayer", "Lib\BusinessLayer\BusinessLayer.csproj", "{D405B6FD-8A09-49FB-B4D7-1F11394B8623}"
EndProject
Project("{2150E333-8FDC-42A3-9474-1A3956D46DE8}") = "Apps", "Apps", "{56BC1372-91AF-46B0-9688-AA2887ACAA0A}"
EndProject
Project("{2150E333-8FDC-42A3-9474-1A3956D46DE8}") = "Lib", "Lib", "{DD04C4FF-7D44-4B03-A620-04C7FBAC82E6}"
EndProject
Project("{2150E333-8FDC-42A3-9474-1A3956D46DE8}") = "CommonUtils", "CommonUtils", "{4786607E-7BB7-4747-8BA5-8F9C032DE4D3}"
EndProject
Project("{2150E333-8FDC-42A3-9474-1A3956D46DE8}") = "WebApps", "WebApps", "{ACC9C7D3-E60B-43C9-B82F-EA2BD0E797BB}"
EndProject
Project("{FAE04EC0-301F-11D3-BF4B-00C04F79EFBC}") = "UpdateAppConfig_Compact", "Apps\UpdateAppConfig_Compact\UpdateAppConfig_Compact.csproj", "{D81ADAE8-6D10-4041-AC5F-7D4244141036}"
EndProject
Project("{FAE04EC0-301F-11D3-BF4B-00C04F79EFBC}") = "CommonUtils.Exception", "Lib\CommonUtils.ExceptionUtils\CommonUtils.Exception.csproj", "{3FEAD7C0-7FC3-4F61-89D0-501153733EE3}"
EndProject
Project("{FAE04EC0-301F-11D3-BF4B-00C04F79EFBC}") = "ConfigurationManager", "WebApps\ConfigurationManager\ConfigurationManager.csproj", "{04374654-15D5-4BF2-A789-2D514ECB4C7E}"
EndProject
Project("{FAE04EC0-301F-11D3-BF4B-00C04F79EFBC}") = "CommonUtils.Reflection", "Lib\CommonUtils.Reflection\CommonUtils.Reflection.csproj", "{A91FF807-0524-481B-888F-E323076C340E}"
EndProject
Project("{FAE04EC0-301F-11D3-BF4B-00C04F79EFBC}") = "CommonUtils.DataStructures", "Lib\CommonUtils.DataStructures\CommonUtils.DataStructures.csproj", "{868D6981-EA83-4CF7-A563-86F58C9A77FE}"
EndProject
Project("{FAE04EC0-301F-11D3-BF4B-00C04F79EFBC}") = "Logging", "Lib\Logging\Logging.csproj", "{8857177F-4D00-4C57-BD56-41B0AD1BE9AA}"
EndProject
Project("{FAE04EC0-301F-11D3-BF4B-00C04F79EFBC}") = "ManageAppConfig", "WebApps\ManageAppConfig\ManageAppConfig.csproj", "{F17D3F35-1533-4624-B7C8-5699BAE7C04E}"
EndProject
Project("{FAE04EC0-301F-11D3-BF4B-00C04F79EFBC}") = "ManageAppConfig_Typescript", "WebApps\ManageAppConfig_TypeScript\ManageAppConfig_Typescript.csproj", "{B69871E7-C493-4946-9129-1AADC14D035F}"
EndProject
Project("{FAE04EC0-301F-11D3-BF4B-00C04F79EFBC}") = "AppConfigurationWebApp", "WebApps\AppConfigurationWebApp\AppConfigurationWebApp.csproj", "{6EED2320-318D-44BF-8974-D47AF317C3F8}"
EndProject
Project("{2150E333-8FDC-42A3-9474-1A3956D46DE8}") = "Database", "Database", "{FA5F4668-D03F-4168-A594-9F74F098BB0F}"
EndProject
Project("{00D1A9C2-B5F0-4AF3-8072-F6C62B433612}") = "DevOps", "DevOps\DevOps.sqlproj", "{B4ECE0B4-A637-496C-A25C-478732FF7077}"
EndProject
Global
	GlobalSection(SolutionConfigurationPlatforms) = preSolution
		Debug|Any CPU = Debug|Any CPU
		Release|Any CPU = Release|Any CPU
		SignalCi|Any CPU = SignalCi|Any CPU
	EndGlobalSection
	GlobalSection(ProjectConfigurationPlatforms) = postSolution
		{57141103-E8BF-45E6-B704-A67E417BD0BC}.Debug|Any CPU.ActiveCfg = Debug|Any CPU
		{57141103-E8BF-45E6-B704-A67E417BD0BC}.Debug|Any CPU.Build.0 = Debug|Any CPU
		{57141103-E8BF-45E6-B704-A67E417BD0BC}.Release|Any CPU.ActiveCfg = Release|Any CPU
		{57141103-E8BF-45E6-B704-A67E417BD0BC}.Release|Any CPU.Build.0 = Release|Any CPU
		{57141103-E8BF-45E6-B704-A67E417BD0BC}.SignalCi|Any CPU.ActiveCfg = Release|Any CPU
		{57141103-E8BF-45E6-B704-A67E417BD0BC}.SignalCi|Any CPU.Build.0 = Release|Any CPU
		{684BC424-E89C-44D1-8194-7C9754957E28}.Debug|Any CPU.ActiveCfg = Debug|Any CPU
		{684BC424-E89C-44D1-8194-7C9754957E28}.Debug|Any CPU.Build.0 = Debug|Any CPU
		{684BC424-E89C-44D1-8194-7C9754957E28}.Release|Any CPU.ActiveCfg = Release|Any CPU
		{684BC424-E89C-44D1-8194-7C9754957E28}.Release|Any CPU.Build.0 = Release|Any CPU
		{684BC424-E89C-44D1-8194-7C9754957E28}.SignalCi|Any CPU.ActiveCfg = Release|Any CPU
		{684BC424-E89C-44D1-8194-7C9754957E28}.SignalCi|Any CPU.Build.0 = Release|Any CPU
		{C2178048-9A6D-445F-9F22-9FFD190127DE}.Debug|Any CPU.ActiveCfg = Debug|Any CPU
		{C2178048-9A6D-445F-9F22-9FFD190127DE}.Debug|Any CPU.Build.0 = Debug|Any CPU
		{C2178048-9A6D-445F-9F22-9FFD190127DE}.Release|Any CPU.ActiveCfg = Release|Any CPU
		{C2178048-9A6D-445F-9F22-9FFD190127DE}.Release|Any CPU.Build.0 = Release|Any CPU
		{C2178048-9A6D-445F-9F22-9FFD190127DE}.SignalCi|Any CPU.ActiveCfg = SignalCi|Any CPU
		{C2178048-9A6D-445F-9F22-9FFD190127DE}.SignalCi|Any CPU.Build.0 = SignalCi|Any CPU
		{C1F09CBB-C60E-48C8-8A8A-AD1235323F57}.Debug|Any CPU.ActiveCfg = Debug|Any CPU
		{C1F09CBB-C60E-48C8-8A8A-AD1235323F57}.Debug|Any CPU.Build.0 = Debug|Any CPU
		{C1F09CBB-C60E-48C8-8A8A-AD1235323F57}.Release|Any CPU.ActiveCfg = Release|Any CPU
		{C1F09CBB-C60E-48C8-8A8A-AD1235323F57}.Release|Any CPU.Build.0 = Release|Any CPU
		{C1F09CBB-C60E-48C8-8A8A-AD1235323F57}.SignalCi|Any CPU.ActiveCfg = Release|Any CPU
		{C1F09CBB-C60E-48C8-8A8A-AD1235323F57}.SignalCi|Any CPU.Build.0 = Release|Any CPU
		{4677BEAC-39CC-4376-94D6-4F1280B64EED}.Debug|Any CPU.ActiveCfg = Debug|Any CPU
		{4677BEAC-39CC-4376-94D6-4F1280B64EED}.Debug|Any CPU.Build.0 = Debug|Any CPU
		{4677BEAC-39CC-4376-94D6-4F1280B64EED}.Release|Any CPU.ActiveCfg = Release|Any CPU
		{4677BEAC-39CC-4376-94D6-4F1280B64EED}.Release|Any CPU.Build.0 = Release|Any CPU
		{4677BEAC-39CC-4376-94D6-4F1280B64EED}.SignalCi|Any CPU.ActiveCfg = Release|Any CPU
		{4677BEAC-39CC-4376-94D6-4F1280B64EED}.SignalCi|Any CPU.Build.0 = Release|Any CPU
		{81E26A50-ED0F-4FA6-B9D5-8E838E8FE22D}.Debug|Any CPU.ActiveCfg = Debug|Any CPU
		{81E26A50-ED0F-4FA6-B9D5-8E838E8FE22D}.Debug|Any CPU.Build.0 = Debug|Any CPU
		{81E26A50-ED0F-4FA6-B9D5-8E838E8FE22D}.Release|Any CPU.ActiveCfg = Release|Any CPU
		{81E26A50-ED0F-4FA6-B9D5-8E838E8FE22D}.Release|Any CPU.Build.0 = Release|Any CPU
		{81E26A50-ED0F-4FA6-B9D5-8E838E8FE22D}.SignalCi|Any CPU.ActiveCfg = SignalCi|Any CPU
		{81E26A50-ED0F-4FA6-B9D5-8E838E8FE22D}.SignalCi|Any CPU.Build.0 = SignalCi|Any CPU
		{D405B6FD-8A09-49FB-B4D7-1F11394B8623}.Debug|Any CPU.ActiveCfg = Debug|Any CPU
		{D405B6FD-8A09-49FB-B4D7-1F11394B8623}.Debug|Any CPU.Build.0 = Debug|Any CPU
		{D405B6FD-8A09-49FB-B4D7-1F11394B8623}.Release|Any CPU.ActiveCfg = Release|Any CPU
		{D405B6FD-8A09-49FB-B4D7-1F11394B8623}.Release|Any CPU.Build.0 = Release|Any CPU
		{D405B6FD-8A09-49FB-B4D7-1F11394B8623}.SignalCi|Any CPU.ActiveCfg = Release|Any CPU
		{D405B6FD-8A09-49FB-B4D7-1F11394B8623}.SignalCi|Any CPU.Build.0 = Release|Any CPU
		{D81ADAE8-6D10-4041-AC5F-7D4244141036}.Debug|Any CPU.ActiveCfg = Debug|Any CPU
		{D81ADAE8-6D10-4041-AC5F-7D4244141036}.Debug|Any CPU.Build.0 = Debug|Any CPU
		{D81ADAE8-6D10-4041-AC5F-7D4244141036}.Release|Any CPU.ActiveCfg = Release|Any CPU
		{D81ADAE8-6D10-4041-AC5F-7D4244141036}.Release|Any CPU.Build.0 = Release|Any CPU
		{D81ADAE8-6D10-4041-AC5F-7D4244141036}.SignalCi|Any CPU.ActiveCfg = Release|Any CPU
		{D81ADAE8-6D10-4041-AC5F-7D4244141036}.SignalCi|Any CPU.Build.0 = Release|Any CPU
		{3FEAD7C0-7FC3-4F61-89D0-501153733EE3}.Debug|Any CPU.ActiveCfg = Debug|Any CPU
		{3FEAD7C0-7FC3-4F61-89D0-501153733EE3}.Debug|Any CPU.Build.0 = Debug|Any CPU
		{3FEAD7C0-7FC3-4F61-89D0-501153733EE3}.Release|Any CPU.ActiveCfg = Release|Any CPU
		{3FEAD7C0-7FC3-4F61-89D0-501153733EE3}.Release|Any CPU.Build.0 = Release|Any CPU
		{3FEAD7C0-7FC3-4F61-89D0-501153733EE3}.SignalCi|Any CPU.ActiveCfg = SignalCi|Any CPU
		{3FEAD7C0-7FC3-4F61-89D0-501153733EE3}.SignalCi|Any CPU.Build.0 = SignalCi|Any CPU
		{04374654-15D5-4BF2-A789-2D514ECB4C7E}.Debug|Any CPU.ActiveCfg = Debug|Any CPU
		{04374654-15D5-4BF2-A789-2D514ECB4C7E}.Debug|Any CPU.Build.0 = Debug|Any CPU
		{04374654-15D5-4BF2-A789-2D514ECB4C7E}.Release|Any CPU.ActiveCfg = Release|Any CPU
		{04374654-15D5-4BF2-A789-2D514ECB4C7E}.Release|Any CPU.Build.0 = Release|Any CPU
		{04374654-15D5-4BF2-A789-2D514ECB4C7E}.SignalCi|Any CPU.ActiveCfg = Release|Any CPU
		{04374654-15D5-4BF2-A789-2D514ECB4C7E}.SignalCi|Any CPU.Build.0 = Release|Any CPU
		{A91FF807-0524-481B-888F-E323076C340E}.Debug|Any CPU.ActiveCfg = Debug|Any CPU
		{A91FF807-0524-481B-888F-E323076C340E}.Debug|Any CPU.Build.0 = Debug|Any CPU
		{A91FF807-0524-481B-888F-E323076C340E}.Release|Any CPU.ActiveCfg = Release|Any CPU
		{A91FF807-0524-481B-888F-E323076C340E}.Release|Any CPU.Build.0 = Release|Any CPU
		{A91FF807-0524-481B-888F-E323076C340E}.SignalCi|Any CPU.ActiveCfg = SignalCi|Any CPU
		{A91FF807-0524-481B-888F-E323076C340E}.SignalCi|Any CPU.Build.0 = SignalCi|Any CPU
		{868D6981-EA83-4CF7-A563-86F58C9A77FE}.Debug|Any CPU.ActiveCfg = Debug|Any CPU
		{868D6981-EA83-4CF7-A563-86F58C9A77FE}.Debug|Any CPU.Build.0 = Debug|Any CPU
		{868D6981-EA83-4CF7-A563-86F58C9A77FE}.Release|Any CPU.ActiveCfg = Release|Any CPU
		{868D6981-EA83-4CF7-A563-86F58C9A77FE}.Release|Any CPU.Build.0 = Release|Any CPU
		{868D6981-EA83-4CF7-A563-86F58C9A77FE}.SignalCi|Any CPU.ActiveCfg = SignalCi|Any CPU
		{868D6981-EA83-4CF7-A563-86F58C9A77FE}.SignalCi|Any CPU.Build.0 = SignalCi|Any CPU
		{8857177F-4D00-4C57-BD56-41B0AD1BE9AA}.Debug|Any CPU.ActiveCfg = Debug|Any CPU
		{8857177F-4D00-4C57-BD56-41B0AD1BE9AA}.Debug|Any CPU.Build.0 = Debug|Any CPU
		{8857177F-4D00-4C57-BD56-41B0AD1BE9AA}.Release|Any CPU.ActiveCfg = Release|Any CPU
		{8857177F-4D00-4C57-BD56-41B0AD1BE9AA}.Release|Any CPU.Build.0 = Release|Any CPU
		{8857177F-4D00-4C57-BD56-41B0AD1BE9AA}.SignalCi|Any CPU.ActiveCfg = SignalCi|Any CPU
		{8857177F-4D00-4C57-BD56-41B0AD1BE9AA}.SignalCi|Any CPU.Build.0 = SignalCi|Any CPU
		{F17D3F35-1533-4624-B7C8-5699BAE7C04E}.Debug|Any CPU.ActiveCfg = Debug|Any CPU
		{F17D3F35-1533-4624-B7C8-5699BAE7C04E}.Debug|Any CPU.Build.0 = Debug|Any CPU
		{F17D3F35-1533-4624-B7C8-5699BAE7C04E}.Release|Any CPU.ActiveCfg = Release|Any CPU
		{F17D3F35-1533-4624-B7C8-5699BAE7C04E}.Release|Any CPU.Build.0 = Release|Any CPU
		{F17D3F35-1533-4624-B7C8-5699BAE7C04E}.SignalCi|Any CPU.ActiveCfg = Release|Any CPU
		{F17D3F35-1533-4624-B7C8-5699BAE7C04E}.SignalCi|Any CPU.Build.0 = Release|Any CPU
		{B69871E7-C493-4946-9129-1AADC14D035F}.Debug|Any CPU.ActiveCfg = Debug|Any CPU
		{B69871E7-C493-4946-9129-1AADC14D035F}.Debug|Any CPU.Build.0 = Debug|Any CPU
		{B69871E7-C493-4946-9129-1AADC14D035F}.Release|Any CPU.ActiveCfg = Release|Any CPU
		{B69871E7-C493-4946-9129-1AADC14D035F}.Release|Any CPU.Build.0 = Release|Any CPU
		{B69871E7-C493-4946-9129-1AADC14D035F}.SignalCi|Any CPU.ActiveCfg = Release|Any CPU
		{B69871E7-C493-4946-9129-1AADC14D035F}.SignalCi|Any CPU.Build.0 = Release|Any CPU
		{6EED2320-318D-44BF-8974-D47AF317C3F8}.Debug|Any CPU.ActiveCfg = Debug|Any CPU
		{6EED2320-318D-44BF-8974-D47AF317C3F8}.Debug|Any CPU.Build.0 = Debug|Any CPU
		{6EED2320-318D-44BF-8974-D47AF317C3F8}.Release|Any CPU.ActiveCfg = Release|Any CPU
		{6EED2320-318D-44BF-8974-D47AF317C3F8}.Release|Any CPU.Build.0 = Release|Any CPU
		{6EED2320-318D-44BF-8974-D47AF317C3F8}.SignalCi|Any CPU.ActiveCfg = Release|Any CPU
		{6EED2320-318D-44BF-8974-D47AF317C3F8}.SignalCi|Any CPU.Build.0 = Release|Any CPU
		{B4ECE0B4-A637-496C-A25C-478732FF7077}.Debug|Any CPU.ActiveCfg = Debug|Any CPU
		{B4ECE0B4-A637-496C-A25C-478732FF7077}.Debug|Any CPU.Build.0 = Debug|Any CPU
		{B4ECE0B4-A637-496C-A25C-478732FF7077}.Debug|Any CPU.Deploy.0 = Debug|Any CPU
		{B4ECE0B4-A637-496C-A25C-478732FF7077}.Release|Any CPU.ActiveCfg = Release|Any CPU
		{B4ECE0B4-A637-496C-A25C-478732FF7077}.Release|Any CPU.Build.0 = Release|Any CPU
		{B4ECE0B4-A637-496C-A25C-478732FF7077}.Release|Any CPU.Deploy.0 = Release|Any CPU
		{B4ECE0B4-A637-496C-A25C-478732FF7077}.SignalCi|Any CPU.ActiveCfg = Debug|Any CPU
		{B4ECE0B4-A637-496C-A25C-478732FF7077}.SignalCi|Any CPU.Build.0 = Debug|Any CPU
		{B4ECE0B4-A637-496C-A25C-478732FF7077}.SignalCi|Any CPU.Deploy.0 = Debug|Any CPU
	EndGlobalSection
	GlobalSection(SolutionProperties) = preSolution
		HideSolutionNode = FALSE
	EndGlobalSection
	GlobalSection(NestedProjects) = preSolution
		{57141103-E8BF-45E6-B704-A67E417BD0BC} = {56BC1372-91AF-46B0-9688-AA2887ACAA0A}
		{684BC424-E89C-44D1-8194-7C9754957E28} = {4786607E-7BB7-4747-8BA5-8F9C032DE4D3}
		{C2178048-9A6D-445F-9F22-9FFD190127DE} = {4786607E-7BB7-4747-8BA5-8F9C032DE4D3}
		{C1F09CBB-C60E-48C8-8A8A-AD1235323F57} = {DD04C4FF-7D44-4B03-A620-04C7FBAC82E6}
		{4677BEAC-39CC-4376-94D6-4F1280B64EED} = {DD04C4FF-7D44-4B03-A620-04C7FBAC82E6}
		{81E26A50-ED0F-4FA6-B9D5-8E838E8FE22D} = {4786607E-7BB7-4747-8BA5-8F9C032DE4D3}
		{D405B6FD-8A09-49FB-B4D7-1F11394B8623} = {DD04C4FF-7D44-4B03-A620-04C7FBAC82E6}
		{D81ADAE8-6D10-4041-AC5F-7D4244141036} = {56BC1372-91AF-46B0-9688-AA2887ACAA0A}
		{3FEAD7C0-7FC3-4F61-89D0-501153733EE3} = {4786607E-7BB7-4747-8BA5-8F9C032DE4D3}
		{04374654-15D5-4BF2-A789-2D514ECB4C7E} = {ACC9C7D3-E60B-43C9-B82F-EA2BD0E797BB}
		{A91FF807-0524-481B-888F-E323076C340E} = {4786607E-7BB7-4747-8BA5-8F9C032DE4D3}
		{868D6981-EA83-4CF7-A563-86F58C9A77FE} = {4786607E-7BB7-4747-8BA5-8F9C032DE4D3}
		{8857177F-4D00-4C57-BD56-41B0AD1BE9AA} = {DD04C4FF-7D44-4B03-A620-04C7FBAC82E6}
		{F17D3F35-1533-4624-B7C8-5699BAE7C04E} = {ACC9C7D3-E60B-43C9-B82F-EA2BD0E797BB}
		{B69871E7-C493-4946-9129-1AADC14D035F} = {ACC9C7D3-E60B-43C9-B82F-EA2BD0E797BB}
		{6EED2320-318D-44BF-8974-D47AF317C3F8} = {ACC9C7D3-E60B-43C9-B82F-EA2BD0E797BB}
		{B4ECE0B4-A637-496C-A25C-478732FF7077} = {FA5F4668-D03F-4168-A594-9F74F098BB0F}
	EndGlobalSection
EndGlobal
